
Microsoft Visual Studio Solution File, Format Version 12.00
# Visual Studio Version 16
VisualStudioVersion = 16.0.30413.136
MinimumVisualStudioVersion = 10.0.40219.1
Project("{2150E333-8FDC-42A3-9474-1A3956D46DE8}") = "0 - API", "0 - API", "{0F4AC0AB-AFE1-41F3-B225-E757D4597BED}"
EndProject
Project("{2150E333-8FDC-42A3-9474-1A3956D46DE8}") = "1 - Service", "1 - Service", "{EC4F0505-5C46-4F60-AF95-25784E7BCC1C}"
EndProject
Project("{2150E333-8FDC-42A3-9474-1A3956D46DE8}") = "2 - Domain", "2 - Domain", "{90456180-2E46-4E9A-8FDE-15B4556F5BD5}"
EndProject
Project("{2150E333-8FDC-42A3-9474-1A3956D46DE8}") = "3 - Infrastructure", "3 - Infrastructure", "{C874CE66-0030-4F51-B6EF-BEA535DBB878}"
EndProject
Project("{FAE04EC0-301F-11D3-BF4B-00C04F79EFBC}") = "Manager.Infra", "Manager.Infra\Manager.Infra.csproj", "{1E9E17CC-23E7-46F1-99BB-B9423B0D727C}"
EndProject
Project("{FAE04EC0-301F-11D3-BF4B-00C04F79EFBC}") = "Manager.Domain", "Manager.Domain\Manager.Domain.csproj", "{58FFCA4B-8B83-4F3C-A63B-C22707B5A3DB}"
EndProject
Project("{FAE04EC0-301F-11D3-BF4B-00C04F79EFBC}") = "Manager.Service", "Manager.Service\Manager.Service.csproj", "{D28E3442-1128-41F4-90AD-276BEB0B7DCF}"
EndProject
Project("{9A19103F-16F7-4668-BE54-9A1E7A4F7556}") = "Manager.API", "Manager.API\Manager.API.csproj", "{EA317B02-D4A6-40F9-B5E2-4D0D4A16A448}"
	ProjectSection(ProjectDependencies) = postProject
		{D28E3442-1128-41F4-90AD-276BEB0B7DCF} = {D28E3442-1128-41F4-90AD-276BEB0B7DCF}
		{1E9E17CC-23E7-46F1-99BB-B9423B0D727C} = {1E9E17CC-23E7-46F1-99BB-B9423B0D727C}
	EndProjectSection
EndProject
Project("{FAE04EC0-301F-11D3-BF4B-00C04F79EFBC}") = "Manager.CrossCutting", "Manager.CrossCutting\Manager.CrossCutting.csproj", "{7EC003CF-31C5-4597-8594-B662867826B3}"
EndProject
Global
	GlobalSection(SolutionConfigurationPlatforms) = preSolution
		Debug|Any CPU = Debug|Any CPU
		Release|Any CPU = Release|Any CPU
	EndGlobalSection
	GlobalSection(ProjectConfigurationPlatforms) = postSolution
		{1E9E17CC-23E7-46F1-99BB-B9423B0D727C}.Debug|Any CPU.ActiveCfg = Debug|Any CPU
		{1E9E17CC-23E7-46F1-99BB-B9423B0D727C}.Debug|Any CPU.Build.0 = Debug|Any CPU
		{1E9E17CC-23E7-46F1-99BB-B9423B0D727C}.Release|Any CPU.ActiveCfg = Release|Any CPU
		{1E9E17CC-23E7-46F1-99BB-B9423B0D727C}.Release|Any CPU.Build.0 = Release|Any CPU
		{58FFCA4B-8B83-4F3C-A63B-C22707B5A3DB}.Debug|Any CPU.ActiveCfg = Debug|Any CPU
		{58FFCA4B-8B83-4F3C-A63B-C22707B5A3DB}.Debug|Any CPU.Build.0 = Debug|Any CPU
		{58FFCA4B-8B83-4F3C-A63B-C22707B5A3DB}.Release|Any CPU.ActiveCfg = Release|Any CPU
		{58FFCA4B-8B83-4F3C-A63B-C22707B5A3DB}.Release|Any CPU.Build.0 = Release|Any CPU
		{D28E3442-1128-41F4-90AD-276BEB0B7DCF}.Debug|Any CPU.ActiveCfg = Debug|Any CPU
		{D28E3442-1128-41F4-90AD-276BEB0B7DCF}.Debug|Any CPU.Build.0 = Debug|Any CPU
		{D28E3442-1128-41F4-90AD-276BEB0B7DCF}.Release|Any CPU.ActiveCfg = Release|Any CPU
		{D28E3442-1128-41F4-90AD-276BEB0B7DCF}.Release|Any CPU.Build.0 = Release|Any CPU
		{EA317B02-D4A6-40F9-B5E2-4D0D4A16A448}.Debug|Any CPU.ActiveCfg = Debug|Any CPU
		{EA317B02-D4A6-40F9-B5E2-4D0D4A16A448}.Debug|Any CPU.Build.0 = Debug|Any CPU
		{EA317B02-D4A6-40F9-B5E2-4D0D4A16A448}.Release|Any CPU.ActiveCfg = Release|Any CPU
		{EA317B02-D4A6-40F9-B5E2-4D0D4A16A448}.Release|Any CPU.Build.0 = Release|Any CPU
		{7EC003CF-31C5-4597-8594-B662867826B3}.Debug|Any CPU.ActiveCfg = Debug|Any CPU
		{7EC003CF-31C5-4597-8594-B662867826B3}.Debug|Any CPU.Build.0 = Debug|Any CPU
		{7EC003CF-31C5-4597-8594-B662867826B3}.Release|Any CPU.ActiveCfg = Release|Any CPU
		{7EC003CF-31C5-4597-8594-B662867826B3}.Release|Any CPU.Build.0 = Release|Any CPU
	EndGlobalSection
	GlobalSection(SolutionProperties) = preSolution
		HideSolutionNode = FALSE
	EndGlobalSection
	GlobalSection(NestedProjects) = preSolution
		{1E9E17CC-23E7-46F1-99BB-B9423B0D727C} = {C874CE66-0030-4F51-B6EF-BEA535DBB878}
		{58FFCA4B-8B83-4F3C-A63B-C22707B5A3DB} = {90456180-2E46-4E9A-8FDE-15B4556F5BD5}
		{D28E3442-1128-41F4-90AD-276BEB0B7DCF} = {EC4F0505-5C46-4F60-AF95-25784E7BCC1C}
		{EA317B02-D4A6-40F9-B5E2-4D0D4A16A448} = {0F4AC0AB-AFE1-41F3-B225-E757D4597BED}
		{7EC003CF-31C5-4597-8594-B662867826B3} = {C874CE66-0030-4F51-B6EF-BEA535DBB878}
	EndGlobalSection
	GlobalSection(ExtensibilityGlobals) = postSolution
		SolutionGuid = {0406C33F-86E7-4B30-BF6D-5A2AD1DEE156}
	EndGlobalSection
EndGlobal
